{
  "originHash" : "ca45579f5f577c797501417f2586acf75128b137bc4a05fe1e7c57406acd81cb",
  "pins" : [
    {
      "identity" : "generative-ai-swift",
      "kind" : "remoteSourceControl",
      "location" : "https://github.com/google-gemini/generative-ai-swift",
      "state" : {
        "revision" : "44b8ce120425f9cf53ca756f3434ca2c2696f8bd",
        "version" : "0.5.6"
      }
    },
    {
      "identity" : "navitest",
      "kind" : "remoteSourceControl",
      "location" : "https://github.com/Mackster7/NaviTest",
      "state" : {
        "branch" : "main",
        "revision" : "1b7f075e012bb35fc404fb93687ca82831ebd049"
      }
    }
  ],
  "version" : 3
}
